PODS:
  - Alamofire (5.4.0)
  - PINCache (3.0.3):
    - PINCache/Arc-exception-safe (= 3.0.3)
    - PINCache/Core (= 3.0.3)
  - PINCache/Arc-exception-safe (3.0.3):
    - PINCache/Core
  - PINCache/Core (3.0.3):
    - PINOperation (~> 1.2.1)
  - PINOperation (1.2.1)
  - PINRemoteImage/Core (3.0.3):
    - PINOperation
  - PINRemoteImage/iOS (3.0.3):
    - PINRemoteImage/Core
  - PINRemoteImage/PINCache (3.0.3):
    - PINCache (~> 3.0.3)
    - PINRemoteImage/Core
  - RxAlamofire (5.7.1):
    - RxAlamofire/Core (= 5.7.1)
  - RxAlamofire/Core (5.7.1):
    - Alamofire (~> 5.4)
    - RxSwift (~> 5.1)
  - RxBlocking (5.1.0):
    - RxSwift (~> 5)
  - RxCocoa (5.1.0):
    - RxRelay (~> 5)
    - RxSwift (~> 5)
  - RxRelay (5.1.1):
    - RxSwift (~> 5)
  - RxSwift (5.1.0)
  - RxTest (5.1.0):
    - RxSwift (~> 5)
  - Texture (3.0.0):
    - Texture/AssetsLibrary (= 3.0.0)
    - Texture/Core (= 3.0.0)
    - Texture/MapKit (= 3.0.0)
    - Texture/Photos (= 3.0.0)
    - Texture/PINRemoteImage (= 3.0.0)
    - Texture/Video (= 3.0.0)
  - Texture/AssetsLibrary (3.0.0):
    - Texture/Core
  - Texture/Core (3.0.0)
  - Texture/MapKit (3.0.0):
    - Texture/Core
  - Texture/Photos (3.0.0):
    - Texture/Core
  - Texture/PINRemoteImage (3.0.0):
    - PINRemoteImage/iOS (~> 3.0.0)
    - PINRemoteImage/PINCache
    - Texture/Core
  - Texture/Video (3.0.0):
    - Texture/Core

DEPENDENCIES:
  - RxAlamofire (~> 5.7.1)
  - RxBlocking (= 5.1)
  - RxCocoa (= 5.1)
  - RxSwift (= 5.1)
  - RxTest (= 5.1)
  - Texture (~> 3.0)

SPEC REPOS:
  trunk:
    - Alamofire
    - PINCache
    - PINOperation
    - PINRemoteImage
    - RxAlamofire
    - RxBlocking
    - RxCocoa
    - RxRelay
    - RxSwift
    - RxTest
    - Texture

SPEC CHECKSUMS:
  Alamofire: 3b6a534a3df22db367e4dedeeca73d1ddfcf0e2f
  PINCache: 7a8fc1a691173d21dbddbf86cd515de6efa55086
  PINOperation: 00c935935f1e8cf0d1e2d6b542e75b88fc3e5e20
  PINRemoteImage: f1295b29f8c5e640e25335a1b2bd9d805171bd01
  RxAlamofire: 8e144c62dcc01d68dcb366bfc542eb6dd46bab78
  RxBlocking: 5ef131267220f92ef68531dd6afeaf407cd6b41a
  RxCocoa: 13d2a4d7546a34b8ececae8c281e4ea1dbb94f2b
  RxRelay: d77f7d771495f43c556cbc43eebd1bb54d01e8e9
  RxSwift: ad5874f24bb0dbffd1e9bb8443604e3578796c7a
  RxTest: d5e1c9c1880de2751041fa485d476ce006967b31
  Texture: 2f109e937850d94d1d07232041c9c7313ccddb81

PODFILE CHECKSUM: 1944e74f58ffa4816fc9d23cbf0c01617e56ed07

COCOAPODS: 1.9.3
